# This file is automatically @generated by Cargo.
# It is not intended for manual editing.
version = 3

[[package]]
name = "Rolling_Drones"
version = "0.1.0"
dependencies = [
 "crossbeam-channel",
 "rand",
 "serde",
 "toml",
 "wg_2024",
]

[[package]]
name = "byteorder"
version = "1.5.0"
source = "registry+https://github.com/rust-lang/crates.io-index"
checksum = "1fd0f2584146f6f2ef48085050886acf353beff7305ebd1ae69500e27c67f64b"

[[package]]
name = "cfg-if"
version = "1.0.0"
source = "registry+https://github.com/rust-lang/crates.io-index"
checksum = "baf1de4339761588bc0619e3cbc0120ee582ebb74b53b4efbf79117bd2da40fd"

[[package]]
name = "crossbeam-channel"
version = "0.5.13"
source = "registry+https://github.com/rust-lang/crates.io-index"
checksum = "33480d6946193aa8033910124896ca395333cae7e2d1113d1fef6c3272217df2"
dependencies = [
 "crossbeam-utils",
]

[[package]]
name = "crossbeam-utils"
version = "0.8.20"
source = "registry+https://github.com/rust-lang/crates.io-index"
checksum = "22ec99545bb0ed0ea7bb9b8e1e9122ea386ff8a48c0922e43f36d45ab09e0e80"

[[package]]
name = "equivalent"
version = "1.0.1"
source = "registry+https://github.com/rust-lang/crates.io-index"
checksum = "5443807d6dff69373d433ab9ef5378ad8df50ca6298caf15de6e52e24aaf54d5"

[[package]]
name = "getrandom"
version = "0.2.15"
source = "registry+https://github.com/rust-lang/crates.io-index"
checksum = "c4567c8db10ae91089c99af84c68c38da3ec2f087c3f82960bcdbf3656b6f4d7"
dependencies = [
 "cfg-if",
 "libc",
 "wasi",
]

[[package]]
name = "hashbrown"
version = "0.15.2"
source = "registry+https://github.com/rust-lang/crates.io-index"
checksum = "bf151400ff0baff5465007dd2f3e717f3fe502074ca563069ce3a6629d07b289"

[[package]]
name = "indexmap"
version = "2.6.0"
source = "registry+https://github.com/rust-lang/crates.io-index"
checksum = "707907fe3c25f5424cce2cb7e1cbcafee6bdbe735ca90ef77c29e84591e5b9da"
dependencies = [
 "equivalent",
 "hashbrown",
]

[[package]]
name = "libc"
version = "0.2.166"
source = "registry+https://github.com/rust-lang/crates.io-index"
checksum = "c2ccc108bbc0b1331bd061864e7cd823c0cab660bbe6970e66e2c0614decde36"

[[package]]
name = "memchr"
version = "2.7.4"
source = "registry+https://github.com/rust-lang/crates.io-index"
checksum = "78ca9ab1a0babb1e7d5695e3530886289c18cf2f87ec19a575a0abdce112e3a3"

[[package]]
name = "ppv-lite86"
version = "0.2.20"
source = "registry+https://github.com/rust-lang/crates.io-index"
checksum = "77957b295656769bb8ad2b6a6b09d897d94f05c41b069aede1fcdaa675eaea04"
dependencies = [
 "zerocopy 0.7.35",
]

[[package]]
name = "proc-macro2"
version = "1.0.92"
source = "registry+https://github.com/rust-lang/crates.io-index"
checksum = "37d3544b3f2748c54e147655edb5025752e2303145b5aefb3c3ea2c78b973bb0"
dependencies = [
 "unicode-ident",
]

[[package]]
name = "quote"
version = "1.0.37"
source = "registry+https://github.com/rust-lang/crates.io-index"
checksum = "b5b9d34b8991d19d98081b46eacdd8eb58c6f2b201139f7c5f643cc155a633af"
dependencies = [
 "proc-macro2",
]

[[package]]
name = "rand"
version = "0.9.0-beta.0"
source = "registry+https://github.com/rust-lang/crates.io-index"
checksum = "64535f75665ca4111b59c1b2c9eb99358dc57c3775cc3379675c11dca030f81a"
dependencies = [
 "rand_chacha",
 "rand_core",
 "zerocopy 0.8.11",
]

[[package]]
name = "rand_chacha"
version = "0.9.0-beta.0"
source = "registry+https://github.com/rust-lang/crates.io-index"
checksum = "6ae4df114eac4201e5830fbecc6b8f775425e5782ac6741f5ba2c8d5e7861136"
dependencies = [
 "ppv-lite86",
 "rand_core",
]

[[package]]
name = "rand_core"
version = "0.9.0-beta.0"
source = "registry+https://github.com/rust-lang/crates.io-index"
checksum = "faff9cb0513c709c88c66ba1c44e7dfb0e6343494c57576614524400ee60d7cb"
dependencies = [
 "getrandom",
 "zerocopy 0.8.11",
]

[[package]]
name = "serde"
version = "1.0.215"
source = "registry+https://github.com/rust-lang/crates.io-index"
checksum = "6513c1ad0b11a9376da888e3e0baa0077f1aed55c17f50e7b2397136129fb88f"
dependencies = [
 "serde_derive",
]

[[package]]
name = "serde_derive"
version = "1.0.215"
source = "registry+https://github.com/rust-lang/crates.io-index"
checksum = "ad1e866f866923f252f05c889987993144fb74e722403468a4ebd70c3cd756c0"
dependencies = [
 "proc-macro2",
 "quote",
 "syn",
]

[[package]]
name = "serde_spanned"
version = "0.6.8"
source = "registry+https://github.com/rust-lang/crates.io-index"
checksum = "87607cb1398ed59d48732e575a4c28a7a8ebf2454b964fe3f224f2afc07909e1"
dependencies = [
 "serde",
]

[[package]]
name = "syn"
version = "2.0.89"
source = "registry+https://github.com/rust-lang/crates.io-index"
checksum = "44d46482f1c1c87acd84dea20c1bf5ebff4c757009ed6bf19cfd36fb10e92c4e"
dependencies = [
 "proc-macro2",
 "quote",
 "unicode-ident",
]

[[package]]
name = "toml"
version = "0.8.19"
source = "registry+https://github.com/rust-lang/crates.io-index"
checksum = "a1ed1f98e3fdc28d6d910e6737ae6ab1a93bf1985935a1193e68f93eeb68d24e"
dependencies = [
 "serde",
 "serde_spanned",
 "toml_datetime",
 "toml_edit",
]

[[package]]
name = "toml_datetime"
version = "0.6.8"
source = "registry+https://github.com/rust-lang/crates.io-index"
checksum = "0dd7358ecb8fc2f8d014bf86f6f638ce72ba252a2c3a2572f2a795f1d23efb41"
dependencies = [
 "serde",
]

[[package]]
name = "toml_edit"
version = "0.22.22"
source = "registry+https://github.com/rust-lang/crates.io-index"
checksum = "4ae48d6208a266e853d946088ed816055e556cc6028c5e8e2b84d9fa5dd7c7f5"
dependencies = [
 "indexmap",
 "serde",
 "serde_spanned",
 "toml_datetime",
 "winnow",
]

[[package]]
name = "unicode-ident"
version = "1.0.14"
source = "registry+https://github.com/rust-lang/crates.io-index"
checksum = "adb9e6ca4f869e1180728b7950e35922a7fc6397f7b641499e8f3ef06e50dc83"

[[package]]
name = "wasi"
version = "0.11.0+wasi-snapshot-preview1"
source = "registry+https://github.com/rust-lang/crates.io-index"
checksum = "9c8d87e72b64a3b4db28d11ce29237c246188f4f51057d65a7eab63b7987e423"

[[package]]
name = "wg_2024"
version = "0.1.0"
source = "git+https://github.com/WGL-2024/WGL_repo_2024.git#821013635a82d4f07613ec70b20fba16aa6cb797"
dependencies = [
 "wg_internal",
]

[[package]]
name = "wg_config"
version = "0.1.0"
source = "git+https://github.com/WGL-2024/WGL_repo_2024.git#821013635a82d4f07613ec70b20fba16aa6cb797"
dependencies = [
 "serde",
 "wg_network",
]

[[package]]
name = "wg_controller"
version = "0.1.0"
source = "git+https://github.com/WGL-2024/WGL_repo_2024.git#821013635a82d4f07613ec70b20fba16aa6cb797"
dependencies = [
 "crossbeam-channel",
 "wg_network",
 "wg_packet",
]

[[package]]
name = "wg_drone"
version = "0.1.0"
source = "git+https://github.com/WGL-2024/WGL_repo_2024.git#821013635a82d4f07613ec70b20fba16aa6cb797"
dependencies = [
 "crossbeam-channel",
 "wg_controller",
 "wg_network",
 "wg_packet",
]

[[package]]
name = "wg_internal"
version = "0.1.0"
source = "git+https://github.com/WGL-2024/WGL_repo_2024.git#821013635a82d4f07613ec70b20fba16aa6cb797"
dependencies = [
 "wg_config",
 "wg_controller",
 "wg_drone",
 "wg_network",
 "wg_packet",
]

[[package]]
name = "wg_network"
version = "0.1.0"
source = "git+https://github.com/WGL-2024/WGL_repo_2024.git#821013635a82d4f07613ec70b20fba16aa6cb797"

[[package]]
name = "wg_packet"
version = "0.1.0"
source = "git+https://github.com/WGL-2024/WGL_repo_2024.git#821013635a82d4f07613ec70b20fba16aa6cb797"
dependencies = [
 "wg_network",
]

[[package]]
name = "winnow"
version = "0.6.20"
source = "registry+https://github.com/rust-lang/crates.io-index"
checksum = "36c1fec1a2bb5866f07c25f68c26e565c4c200aebb96d7e55710c19d3e8ac49b"
dependencies = [
 "memchr",
]

[[package]]
name = "zerocopy"
version = "0.7.35"
source = "registry+https://github.com/rust-lang/crates.io-index"
checksum = "1b9b4fd18abc82b8136838da5d50bae7bdea537c574d8dc1a34ed098d6c166f0"
dependencies = [
 "byteorder",
 "zerocopy-derive 0.7.35",
]

[[package]]
name = "zerocopy"
version = "0.8.11"
source = "registry+https://github.com/rust-lang/crates.io-index"
checksum = "cce3b5629d87654b53a49002acc2ce64aa5aa7255f5c718374a37ac7fd98c218"
dependencies = [
 "zerocopy-derive 0.8.11",
]

[[package]]
name = "zerocopy-derive"
version = "0.7.35"
source = "registry+https://github.com/rust-lang/crates.io-index"
checksum = "fa4f8080344d4671fb4e831a13ad1e68092748387dfc4f55e356242fae12ce3e"
dependencies = [
 "proc-macro2",
 "quote",
 "syn",
]

[[package]]
name = "zerocopy-derive"
version = "0.8.11"
source = "registry+https://github.com/rust-lang/crates.io-index"
checksum = "74a82c26c3986af2623ec9eb890ff4aa19c006e30a1133dc9bd1830ec1612e20"
dependencies = [
 "proc-macro2",
 "quote",
 "syn",
]
